// !$*UTF8*$!
{
	archiveVersion = 1;
	classes = {
	};
	objectVersion = 46;
	objects = {

/* Begin PBXBuildFile section */
		89CCB88E19E81ED000488A9F /* AppDelegate.swift in Sources */ = {isa = PBXBuildFile; fileRef = 89CCB88D19E81ED000488A9F /* AppDelegate.swift */; };
		89CCB89019E81ED000488A9F /* ViewController.swift in Sources */ = {isa = PBXBuildFile; fileRef = 89CCB88F19E81ED000488A9F /* ViewController.swift */; };
		89CCB89319E81ED000488A9F /* Main.storyboard in Resources */ = {isa = PBXBuildFile; fileRef = 89CCB89119E81ED000488A9F /* Main.storyboard */; };
		89CCB89519E81ED000488A9F /* Images.xcassets in Resources */ = {isa = PBXBuildFile; fileRef = 89CCB89419E81ED000488A9F /* Images.xcassets */; };
		89CCB8A119E81ED100488A9F /* SimpleBtnClick_SwiftTests.swift in Sources */ = {isa = PBXBuildFile; fileRef = 89CCB8A019E81ED100488A9F /* SimpleBtnClick_SwiftTests.swift */; };
/* End PBXBuildFile section */

/* Begin PBXContainerItemProxy section */
		89CCB89B19E81ED100488A9F /* PBXContainerItemProxy */ = {
			isa = PBXContainerItemProxy;
			containerPortal = 89CCB88019E81ED000488A9F /* Project object */;
			proxyType = 1;
			remoteGlobalIDString = 89CCB88719E81ED000488A9F;
			remoteInfo = SimpleBtnClick_Swift;
		};
/* End PBXContainerItemProxy section */

/* Begin PBXFileReference section */
		89CCB88819E81ED000488A9F /* SimpleBtnClick_Swift.app */ = {isa = PBXFileReference; explicitFileType = wrapper.application; includeInIndex = 0; path = SimpleBtnClick_Swift.app; sourceTree = BUILT_PRODUCTS_DIR; };
		89CCB88C19E81ED000488A9F /* Info.plist */ = {isa = PBXFileReference; lastKnownFileType = text.plist.xml; path = Info.plist; sourceTree = "<group>"; };
		89CCB88D19E81ED000488A9F /* AppDelegate.swift */ = {isa = PBXFileReference; lastKnownFileType = sourcecode.swift; path = AppDelegate.swift; sourceTree = "<group>"; };
		89CCB88F19E81ED000488A9F /* ViewController.swift */ = {isa = PBXFileReference; lastKnownFileType = sourcecode.swift; path = ViewController.swift; sourceTree = "<group>"; };
		89CCB89219E81ED000488A9F /* Base */ = {isa = PBXFileReference; lastKnownFileType = file.storyboard; name = Base; path = Base.lproj/Main.storyboard; sourceTree = "<group>"; };
		89CCB89419E81ED000488A9F /* Images.xcassets */ = {isa = PBXFileReference; lastKnownFileType = folder.assetcatalog; path = Images.xcassets; sourceTree = "<group>"; };
		89CCB89A19E81ED100488A9F /* SimpleBtnClick_SwiftTests.xctest */ = {isa = PBXFileReference; explicitFileType = wrapper.cfbundle; includeInIndex = 0; path = SimpleBtnClick_SwiftTests.xctest; sourceTree = BUILT_PRODUCTS_DIR; };
		89CCB89F19E81ED100488A9F /* Info.plist */ = {isa = PBXFileReference; lastKnownFileType = text.plist.xml; path = Info.plist; sourceTree = "<group>"; };
		89CCB8A019E81ED100488A9F /* SimpleBtnClick_SwiftTests.swift */ = {isa = PBXFileReference; lastKnownFileType = sourcecode.swift; path = SimpleBtnClick_SwiftTests.swift; sourceTree = "<group>"; };
/* End PBXFileReference section */

/* Begin PBXFrameworksBuildPhase section */
		89CCB88519E81ED000488A9F /* Frameworks */ = {
			isa = PBXFrameworksBuildPhase;
			buildActionMask = 2147483647;
			files = (
			);
			runOnlyForDeploymentPostprocessing = 0;
		};
		89CCB89719E81ED100488A9F /* Frameworks */ = {
			isa = PBXFrameworksBuildPhase;
			buildActionMask = 2147483647;
			files = (
			);
			runOnlyForDeploymentPostprocessing = 0;
		};
/* End PBXFrameworksBuildPhase section */

/* Begin PBXGroup section */
		89CCB87F19E81ED000488A9F = {
			isa = PBXGroup;
			children = (
				89CCB88A19E81ED000488A9F /* SimpleBtnClick_Swift */,
				89CCB89D19E81ED100488A9F /* SimpleBtnClick_SwiftTests */,
				89CCB88919E81ED000488A9F /* Products */,
			);
			sourceTree = "<group>";
		};
		89CCB88919E81ED000488A9F /* Products */ = {
			isa = PBXGroup;
			children = (
				89CCB88819E81ED000488A9F /* SimpleBtnClick_Swift.app */,
				89CCB89A19E81ED100488A9F /* SimpleBtnClick_SwiftTests.xctest */,
			);
			name = Products;
			sourceTree = "<group>";
		};
		89CCB88A19E81ED000488A9F /* SimpleBtnClick_Swift */ = {
			isa = PBXGroup;
			children = (
				89CCB88D19E81ED000488A9F /* AppDelegate.swift */,
				89CCB88F19E81ED000488A9F /* ViewController.swift */,
				89CCB89119E81ED000488A9F /* Main.storyboard */,
				89CCB89419E81ED000488A9F /* Images.xcassets */,
				89CCB88B19E81ED000488A9F /* Supporting Files */,
			);
			path = SimpleBtnClick_Swift;
			sourceTree = "<group>";
		};
		89CCB88B19E81ED000488A9F /* Supporting Files */ = {
			isa = PBXGroup;
			children = (
				89CCB88C19E81ED000488A9F /* Info.plist */,
			);
			name = "Supporting Files";
			sourceTree = "<group>";
		};
		89CCB89D19E81ED100488A9F /* SimpleBtnClick_SwiftTests */ = {
			isa = PBXGroup;
			children = (
				89CCB8A019E81ED100488A9F /* SimpleBtnClick_SwiftTests.swift */,
				89CCB89E19E81ED100488A9F /* Supporting Files */,
			);
			path = SimpleBtnClick_SwiftTests;
			sourceTree = "<group>";
		};
		89CCB89E19E81ED100488A9F /* Supporting Files */ = {
			isa = PBXGroup;
			children = (
				89CCB89F19E81ED100488A9F /* Info.plist */,
			);
			name = "Supporting Files";
			sourceTree = "<group>";
		};
/* End PBXGroup section */

/* Begin PBXNativeTarget section */
		89CCB88719E81ED000488A9F /* SimpleBtnClick_Swift */ = {
			isa = PBXNativeTarget;
			buildConfigurationList = 89CCB8A419E81ED100488A9F /* Build configuration list for PBXNativeTarget "SimpleBtnClick_Swift" */;
			buildPhases = (
				89CCB88419E81ED000488A9F /* Sources */,
				89CCB88519E81ED000488A9F /* Frameworks */,
				89CCB88619E81ED000488A9F /* Resources */,
			);
			buildRules = (
			);
			dependencies = (
			);
			name = SimpleBtnClick_Swift;
			productName = SimpleBtnClick_Swift;
			productReference = 89CCB88819E81ED000488A9F /* SimpleBtnClick_Swift.app */;
			productType = "com.apple.product-type.application";
		};
		89CCB89919E81ED100488A9F /* SimpleBtnClick_SwiftTests */ = {
			isa = PBXNativeTarget;
			buildConfigurationList = 89CCB8A719E81ED100488A9F /* Build configuration list for PBXNativeTarget "SimpleBtnClick_SwiftTests" */;
			buildPhases = (
				89CCB89619E81ED100488A9F /* Sources */,
				89CCB89719E81ED100488A9F /* Frameworks */,
				89CCB89819E81ED100488A9F /* Resources */,
			);
			buildRules = (
			);
			dependencies = (
				89CCB89C19E81ED100488A9F /* PBXTargetDependency */,
			);
			name = SimpleBtnClick_SwiftTests;
			productName = SimpleBtnClick_SwiftTests;
			productReference = 89CCB89A19E81ED100488A9F /* SimpleBtnClick_SwiftTests.xctest */;
			productType = "com.apple.product-type.bundle.unit-test";
		};
/* End PBXNativeTarget section */

/* Begin PBXProject section */
		89CCB88019E81ED000488A9F /* Project object */ = {
			isa = PBXProject;
			attributes = {
				LastUpgradeCheck = 0600;
				ORGANIZATIONNAME = "Rama Chandra";
				TargetAttributes = {
					89CCB88719E81ED000488A9F = {
						CreatedOnToolsVersion = 6.0;
					};
					89CCB89919E81ED100488A9F = {
						CreatedOnToolsVersion = 6.0;
						TestTargetID = 89CCB88719E81ED000488A9F;
					};
				};
			};
			buildConfigurationList = 89CCB88319E81ED000488A9F /* Build configuration list for PBXProject "SimpleBtnClick_Swift" */;
			compatibilityVersion = "Xcode 3.2";
			developmentRegion = English;
			hasScannedForEncodings = 0;
			knownRegions = (
				en,
				Base,
			);
			mainGroup = 89CCB87F19E81ED000488A9F;
			productRefGroup = 89CCB88919E81ED000488A9F /* Products */;
			projectDirPath = "";
			projectRoot = "";
			targets = (
				89CCB88719E81ED000488A9F /* SimpleBtnClick_Swift */,
				89CCB89919E81ED100488A9F /* SimpleBtnClick_SwiftTests */,
			);
		};
/* End PBXProject section */

/* Begin PBXResourcesBuildPhase section */
		89CCB88619E81ED000488A9F /* Resources */ = {
			isa = PBXResourcesBuildPhase;
			buildActionMask = 2147483647;
			files = (
				89CCB89319E81ED000488A9F /* Main.storyboard in Resources */,
				89CCB89519E81ED000488A9F /* Images.xcassets in Resources */,
			);
			runOnlyForDeploymentPostprocessing = 0;
		};
		89CCB89819E81ED100488A9F /* Resources */ = {
			isa = PBXResourcesBuildPhase;
			buildActionMask = 2147483647;
			files = (
			);
			runOnlyForDeploymentPostprocessing = 0;
		};
/* End PBXResourcesBuildPhase section */

/* Begin PBXSourcesBuildPhase section */
		89CCB88419E81ED000488A9F /* Sources */ = {
			isa = PBXSourcesBuildPhase;
			buildActionMask = 2147483647;
			files = (
				89CCB89019E81ED000488A9F /* ViewController.swift in Sources */,
				89CCB88E19E81ED000488A9F /* AppDelegate.swift in Sources */,
			);
			runOnlyForDeploymentPostprocessing = 0;
		};
		89CCB89619E81ED100488A9F /* Sources */ = {
			isa = PBXSourcesBuildPhase;
			buildActionMask = 2147483647;
			files = (
				89CCB8A119E81ED100488A9F /* SimpleBtnClick_SwiftTests.swift in Sources */,
			);
			runOnlyForDeploymentPostprocessing = 0;
		};
/* End PBXSourcesBuildPhase section */

/* Begin PBXTargetDependency section */
		89CCB89C19E81ED100488A9F /* PBXTargetDependency */ = {
			isa = PBXTargetDependency;
			target = 89CCB88719E81ED000488A9F /* SimpleBtnClick_Swift */;
			targetProxy = 89CCB89B19E81ED100488A9F /* PBXContainerItemProxy */;
		};
/* End PBXTargetDependency section */

/* Begin PBXVariantGroup section */
		89CCB89119E81ED000488A9F /* Main.storyboard */ = {
			isa = PBXVariantGroup;
			children = (
				89CCB89219E81ED000488A9F /* Base */,
			);
			name = Main.storyboard;
			sourceTree = "<group>";
		};
/* End PBXVariantGroup section */

/* Begin XCBuildConfiguration section */
		89CCB8A219E81ED100488A9F /* Debug */ = {
			isa = XCBuildConfiguration;
			buildSettings = {
				ALWAYS_SEARCH_USER_PATHS = NO;
				CLANG_CXX_LANGUAGE_STANDARD = "gnu++0x";
				CLANG_CXX_LIBRARY = "libc++";
				CLANG_ENABLE_MODULES = YES;
				CLANG_ENABLE_OBJC_ARC = YES;
				CLANG_WARN_BOOL_CONVERSION = YES;
				CLANG_WARN_CONSTANT_CONVERSION = YES;
				CLANG_WARN_DIRECT_OBJC_ISA_USAGE = YES_ERROR;
				CLANG_WARN_EMPTY_BODY = YES;
				CLANG_WARN_ENUM_CONVERSION = YES;
				CLANG_WARN_INT_CONVERSION = YES;
				CLANG_WARN_OBJC_ROOT_CLASS = YES_ERROR;
				CLANG_WARN_UNREACHABLE_CODE = YES;
				CLANG_WARN__DUPLICATE_METHOD_MATCH = YES;
				"CODE_SIGN_IDENTITY[sdk=iphoneos*]" = "iPhone Developer";
				COPY_PHASE_STRIP = NO;
				ENABLE_STRICT_OBJC_MSGSEND = YES;
				GCC_C_LANGUAGE_STANDARD = gnu99;
				GCC_DYNAMIC_NO_PIC = NO;
				GCC_OPTIMIZATION_LEVEL = 0;
				GCC_PREPROCESSOR_DEFINITIONS = (
					"DEBUG=1",
					"$(inherited)",
				);
				GCC_SYMBOLS_PRIVATE_EXTERN = NO;
				GCC_WARN_64_TO_32_BIT_CONVERSION = YES;
				GCC_WARN_ABOUT_RETURN_TYPE = YES_ERROR;
				GCC_WARN_UNDECLARED_SELECTOR = YES;
				GCC_WARN_UNINITIALIZED_AUTOS = YES_AGGRESSIVE;
				GCC_WARN_UNUSED_FUNCTION = YES;
				GCC_WARN_UNUSED_VARIABLE = YES;
				IPHONEOS_DEPLOYMENT_TARGET = 8.0;
				MTL_ENABLE_DEBUG_INFO = YES;
				ONLY_ACTIVE_ARCH = YES;
				SDKROOT = iphoneos;
				SWIFT_OPTIMIZATION_LEVEL = "-Onone";
			};
			name = Debug;
		};
		89CCB8A319E81ED100488A9F /* Release */ = {
			isa = XCBuildConfiguration;
			buildSettings = {
				ALWAYS_SEARCH_USER_PATHS = NO;
				CLANG_CXX_LANGUAGE_STANDARD = "gnu++0x";
				CLANG_CXX_LIBRARY = "libc++";
				CLANG_ENABLE_MODULES = YES;
				CLANG_ENABLE_OBJC_ARC = YES;
				CLANG_WARN_BOOL_CONVERSION = YES;
				CLANG_WARN_CONSTANT_CONVERSION = YES;
				CLANG_WARN_DIRECT_OBJC_ISA_USAGE = YES_ERROR;
				CLANG_WARN_EMPTY_BODY = YES;
				CLANG_WARN_ENUM_CONVERSION = YES;
				CLANG_WARN_INT_CONVERSION = YES;
				CLANG_WARN_OBJC_ROOT_CLASS = YES_ERROR;
				CLANG_WARN_UNREACHABLE_CODE = YES;
				CLANG_WARN__DUPLICATE_METHOD_MATCH = YES;
				"CODE_SIGN_IDENTITY[sdk=iphoneos*]" = "iPhone Developer";
				COPY_PHASE_STRIP = YES;
				ENABLE_NS_ASSERTIONS = NO;
				ENABLE_STRICT_OBJC_MSGSEND = YES;
				GCC_C_LANGUAGE_STANDARD = gnu99;
				GCC_WARN_64_TO_32_BIT_CONVERSION = YES;
				GCC_WARN_ABOUT_RETURN_TYPE = YES_ERROR;
				GCC_WARN_UNDECLARED_SELECTOR = YES;
				GCC_WARN_UNINITIALIZED_AUTOS = YES_AGGRESSIVE;
				GCC_WARN_UNUSED_FUNCTION = YES;
				GCC_WARN_UNUSED_VARIABLE = YES;
				IPHONEOS_DEPLOYMENT_TARGET = 8.0;
				MTL_ENABLE_DEBUG_INFO = NO;
				SDKROOT = iphoneos;
				VALIDATE_PRODUCT = YES;
			};
			name = Release;
		};
		89CCB8A519E81ED100488A9F /* Debug */ = {
			isa = XCBuildConfiguration;
			buildSettings = {
				ASSETCATALOG_COMPILER_APPICON_NAME = AppIcon;
				ASSETCATALOG_COMPILER_LAUNCHIMAGE_NAME = LaunchImage;
				INFOPLIST_FILE = SimpleBtnClick_Swift/Info.plist;
				LD_RUNPATH_SEARCH_PATHS = "$(inherited) @executable_path/Frameworks";
				PRODUCT_NAME = "$(TARGET_NAME)";
			};
			name = Debug;
		};
		89CCB8A619E81ED100488A9F /* Release */ = {
			isa = XCBuildConfiguration;
			buildSettings = {
				ASSETCATALOG_COMPILER_APPICON_NAME = AppIcon;
				ASSETCATALOG_COMPILER_LAUNCHIMAGE_NAME = LaunchImage;
				INFOPLIST_FILE = SimpleBtnClick_Swift/Info.plist;
				LD_RUNPATH_SEARCH_PATHS = "$(inherited) @executable_path/Frameworks";
				PRODUCT_NAME = "$(TARGET_NAME)";
			};
			name = Release;
		};
		89CCB8A819E81ED100488A9F /* Debug */ = {
			isa = XCBuildConfiguration;
			buildSettings = {
				BUNDLE_LOADER = "$(TEST_HOST)";
				FRAMEWORK_SEARCH_PATHS = (
					"$(SDKROOT)/Developer/Library/Frameworks",
					"$(inherited)",
				);
				GCC_PREPROCESSOR_DEFINITIONS = (
					"DEBUG=1",
					"$(inherited)",
				);
				INFOPLIST_FILE = SimpleBtnClick_SwiftTests/Info.plist;
				LD_RUNPATH_SEARCH_PATHS = "$(inherited) @executable_path/Frameworks @loader_path/Frameworks";
				PRODUCT_NAME = "$(TARGET_NAME)";
				TEST_HOST = "$(BUILT_PRODUCTS_DIR)/SimpleBtnClick_Swift.app/SimpleBtnClick_Swift";
			};
			name = Debug;
		};
		89CCB8A919E81ED100488A9F /* Release */ = {
			isa = XCBuildConfiguration;
			buildSettings = {
				BUNDLE_LOADER = "$(TEST_HOST)";
				FRAMEWORK_SEARCH_PATHS = (
					"$(SDKROOT)/Developer/Library/Frameworks",
					"$(inherited)",
				);
				INFOPLIST_FILE = SimpleBtnClick_SwiftTests/Info.plist;
				LD_RUNPATH_SEARCH_PATHS = "$(inherited) @executable_path/Frameworks @loader_path/Frameworks";
				PRODUCT_NAME = "$(TARGET_NAME)";
				TEST_HOST = "$(BUILT_PRODUCTS_DIR)/SimpleBtnClick_Swift.app/SimpleBtnClick_Swift";
			};
			name = Release;
		};
/* End XCBuildConfiguration section */

/* Begin XCConfigurationList section */
		89CCB88319E81ED000488A9F /* Build configuration list for PBXProject "SimpleBtnClick_Swift" */ = {
			isa = XCConfigurationList;
			buildConfigurations = (
				89CCB8A219E81ED100488A9F /* Debug */,
				89CCB8A319E81ED100488A9F /* Release */,
			);
			defaultConfigurationIsVisible = 0;
			defaultConfigurationName = Release;
		};
		89CCB8A419E81ED100488A9F /* Build configuration list for PBXNativeTarget "SimpleBtnClick_Swift" */ = {
			isa = XCConfigurationList;
			buildConfigurations = (
				89CCB8A519E81ED100488A9F /* Debug */,
				89CCB8A619E81ED100488A9F /* Release */,
			);
			defaultConfigurationIsVisible = 0;
		};
		89CCB8A719E81ED100488A9F /* Build configuration list for PBXNativeTarget "SimpleBtnClick_SwiftTests" */ = {
			isa = XCConfigurationList;
			buildConfigurations = (
				89CCB8A819E81ED100488A9F /* Debug */,
				89CCB8A919E81ED100488A9F /* Release */,
			);
			defaultConfigurationIsVisible = 0;
		};
/* End XCConfigurationList section */
	};
	rootObject = 89CCB88019E81ED000488A9F /* Project object */;
}
